
Microsoft Visual Studio Solution File, Format Version 12.00
# Visual Studio 15
VisualStudioVersion = 15.0.27428.2037
MinimumVisualStudioVersion = 10.0.40219.1
Project("{FAE04EC0-301F-11D3-BF4B-00C04F79EFBC}") = "Vacancy Scraper", "Vacancy Scraper\Vacancy Scraper.csproj", "{C26C1509-3E70-4BC2-B0AF-7BD7B83923FD}"
EndProject
Global
	GlobalSection(SolutionConfigurationPlatforms) = preSolution
		Debug|Any CPU = Debug|Any CPU
		Release|Any CPU = Release|Any CPU
	EndGlobalSection
	GlobalSection(ProjectConfigurationPlatforms) = postSolution
		{C26C1509-3E70-4BC2-B0AF-7BD7B83923FD}.Debug|Any CPU.ActiveCfg = Debug|Any CPU
		{C26C1509-3E70-4BC2-B0AF-7BD7B83923FD}.Debug|Any CPU.Build.0 = Debug|Any CPU
		{C26C1509-3E70-4BC2-B0AF-7BD7B83923FD}.Release|Any CPU.ActiveCfg = Release|Any CPU
		{C26C1509-3E70-4BC2-B0AF-7BD7B83923FD}.Release|Any CPU.Build.0 = Release|Any CPU
	EndGlobalSection
	GlobalSection(SolutionProperties) = preSolution
		HideSolutionNode = FALSE
	EndGlobalSection
	GlobalSection(ExtensibilityGlobals) = postSolution
		SolutionGuid = {75BB654E-CFB6-4833-BE76-788699779CB5}
	EndGlobalSection
EndGlobal
